
Microsoft Visual Studio Solution File, Format Version 12.00
# Visual Studio Version 16
VisualStudioVersion = 16.0.30523.141
MinimumVisualStudioVersion = 10.0.40219.1
Project("{FAE04EC0-301F-11D3-BF4B-00C04F79EFBC}") = "oop", "oop.csproj", "{4BBFD722-C353-4186-B4AC-D8E2A98BC438}"
EndProject
Global
	GlobalSection(SolutionConfigurationPlatforms) = preSolution
		Debug|Any CPU = Debug|Any CPU
		Release|Any CPU = Release|Any CPU
	EndGlobalSection
	GlobalSection(ProjectConfigurationPlatforms) = postSolution
		{4BBFD722-C353-4186-B4AC-D8E2A98BC438}.Debug|Any CPU.ActiveCfg = Debug|Any CPU
		{4BBFD722-C353-4186-B4AC-D8E2A98BC438}.Debug|Any CPU.Build.0 = Debug|Any CPU
		{4BBFD722-C353-4186-B4AC-D8E2A98BC438}.Release|Any CPU.ActiveCfg = Release|Any CPU
		{4BBFD722-C353-4186-B4AC-D8E2A98BC438}.Release|Any CPU.Build.0 = Release|Any CPU
	EndGlobalSection
	GlobalSection(SolutionProperties) = preSolution
		HideSolutionNode = FALSE
	EndGlobalSection
	GlobalSection(ExtensibilityGlobals) = postSolution
		SolutionGuid = {EC319323-9A02-45C1-B9A6-9BF97BA9170A}
	EndGlobalSection
EndGlobal
